
Microsoft Visual Studio Solution File, Format Version 11.00
# Visual Studio 2010
Project("{FAE04EC0-301F-11D3-BF4B-00C04F79EFBC}") = "Assembly-CSharp-firstpass", "Assembly-CSharp-firstpass.csproj", "{FC94F84E-3A3C-F151-153D-14CAB94FEEF1}"
EndProject
Project("{FAE04EC0-301F-11D3-BF4B-00C04F79EFBC}") = "Assembly-CSharp", "Assembly-CSharp.csproj", "{272E7997-11AF-6A65-F850-F8B02BF880A3}"
EndProject
Project("{FAE04EC0-301F-11D3-BF4B-00C04F79EFBC}") = "Assembly-CSharp-Editor", "Assembly-CSharp-Editor.csproj", "{584AE3AD-3168-8307-C9AA-11FC11ECD907}"
EndProject
Global
	GlobalSection(SolutionConfigurationPlatforms) = preSolution
		Debug|Any CPU = Debug|Any CPU
		Release|Any CPU = Release|Any CPU
	EndGlobalSection
	GlobalSection(ProjectConfigurationPlatforms) = postSolution
		{FC94F84E-3A3C-F151-153D-14CAB94FEEF1}.Debug|Any CPU.ActiveCfg = Debug|Any CPU
		{FC94F84E-3A3C-F151-153D-14CAB94FEEF1}.Debug|Any CPU.Build.0 = Debug|Any CPU
		{FC94F84E-3A3C-F151-153D-14CAB94FEEF1}.Release|Any CPU.ActiveCfg = Release|Any CPU
		{FC94F84E-3A3C-F151-153D-14CAB94FEEF1}.Release|Any CPU.Build.0 = Release|Any CPU
		{272E7997-11AF-6A65-F850-F8B02BF880A3}.Debug|Any CPU.ActiveCfg = Debug|Any CPU
		{272E7997-11AF-6A65-F850-F8B02BF880A3}.Debug|Any CPU.Build.0 = Debug|Any CPU
		{272E7997-11AF-6A65-F850-F8B02BF880A3}.Release|Any CPU.ActiveCfg = Release|Any CPU
		{272E7997-11AF-6A65-F850-F8B02BF880A3}.Release|Any CPU.Build.0 = Release|Any CPU
		{584AE3AD-3168-8307-C9AA-11FC11ECD907}.Debug|Any CPU.ActiveCfg = Debug|Any CPU
		{584AE3AD-3168-8307-C9AA-11FC11ECD907}.Debug|Any CPU.Build.0 = Debug|Any CPU
		{584AE3AD-3168-8307-C9AA-11FC11ECD907}.Release|Any CPU.ActiveCfg = Release|Any CPU
		{584AE3AD-3168-8307-C9AA-11FC11ECD907}.Release|Any CPU.Build.0 = Release|Any CPU
	EndGlobalSection
	GlobalSection(SolutionProperties) = preSolution
		HideSolutionNode = FALSE
	EndGlobalSection
EndGlobal
